PODS:
  - JTAppleCalendar (7.1.6)

DEPENDENCIES:
  - JTAppleCalendar

SPEC REPOS:
  https://github.com/CocoaPods/Specs.git:
    - JTAppleCalendar

SPEC CHECKSUMS:
  JTAppleCalendar: abb30678f42a4ef8a340a932b1dcb8c85a33dac2

PODFILE CHECKSUM: 7be3dd38bb58eb044244397990ba9cafa766c5f7

COCOAPODS: 1.5.0
