// !$*UTF8*$!
{
	archiveVersion = 1;
	classes = {
	};
	objectVersion = 46;
	objects = {

/* Begin PBXBuildFile section */
		8E609D7C1DDCD841005A52F3 /* Extensions.swift in Sources */ = {isa = PBXBuildFile; fileRef = 8E609D7B1DDCD841005A52F3 /* Extensions.swift */; };
		8E9519801DDC47BA00432EC2 /* AppDelegate.swift in Sources */ = {isa = PBXBuildFile; fileRef = 8E95197F1DDC47BA00432EC2 /* AppDelegate.swift */; };
		8E9519821DDC47BA00432EC2 /* ViewController.swift in Sources */ = {isa = PBXBuildFile; fileRef = 8E9519811DDC47BA00432EC2 /* ViewController.swift */; };
		8E9519851DDC47BA00432EC2 /* Main.storyboard in Resources */ = {isa = PBXBuildFile; fileRef = 8E9519831DDC47BA00432EC2 /* Main.storyboard */; };
		8E9519871DDC47BA00432EC2 /* Assets.xcassets in Resources */ = {isa = PBXBuildFile; fileRef = 8E9519861DDC47BA00432EC2 /* Assets.xcassets */; };
		8E95198A1DDC47BA00432EC2 /* LaunchScreen.storyboard in Resources */ = {isa = PBXBuildFile; fileRef = 8E9519881DDC47BA00432EC2 /* LaunchScreen.storyboard */; };
		8E9519931DDC744A00432EC2 /* PopupContainer.swift in Sources */ = {isa = PBXBuildFile; fileRef = 8E9519921DDC744A00432EC2 /* PopupContainer.swift */; };
		8E9519961DDC746100432EC2 /* CalendarPopUp.swift in Sources */ = {isa = PBXBuildFile; fileRef = 8E9519941DDC746100432EC2 /* CalendarPopUp.swift */; };
		8E9519971DDC746100432EC2 /* CalendarPopUp.xib in Resources */ = {isa = PBXBuildFile; fileRef = 8E9519951DDC746100432EC2 /* CalendarPopUp.xib */; };
		8E95199D1DDC78FB00432EC2 /* AnimationClass.swift in Sources */ = {isa = PBXBuildFile; fileRef = 8E95199C1DDC78FB00432EC2 /* AnimationClass.swift */; };
		8E9519A01DDC8B2900432EC2 /* CellView.xib in Resources */ = {isa = PBXBuildFile; fileRef = 8E95199E1DDC8B2900432EC2 /* CellView.xib */; };
		8E9519A11DDC8B2900432EC2 /* CellView.swift in Sources */ = {isa = PBXBuildFile; fileRef = 8E95199F1DDC8B2900432EC2 /* CellView.swift */; };
		C5E064A4512386C0FD579EDE /* Pods_CalendarPopUp.framework in Frameworks */ = {isa = PBXBuildFile; fileRef = 09ED5D86FFBE64261F32D8FC /* Pods_CalendarPopUp.framework */; };
/* End PBXBuildFile section */

/* Begin PBXFileReference section */
		09ED5D86FFBE64261F32D8FC /* Pods_CalendarPopUp.framework */ = {isa = PBXFileReference; explicitFileType = wrapper.framework; includeInIndex = 0; path = Pods_CalendarPopUp.framework; sourceTree = BUILT_PRODUCTS_DIR; };
		2454BEC858982D3547CB686A /* Pods-CalendarPopUp.release.xcconfig */ = {isa = PBXFileReference; includeInIndex = 1; lastKnownFileType = text.xcconfig; name = "Pods-CalendarPopUp.release.xcconfig"; path = "Pods/Target Support Files/Pods-CalendarPopUp/Pods-CalendarPopUp.release.xcconfig"; sourceTree = "<group>"; };
		8E609D7B1DDCD841005A52F3 /* Extensions.swift */ = {isa = PBXFileReference; fileEncoding = 4; lastKnownFileType = sourcecode.swift; path = Extensions.swift; sourceTree = "<group>"; };
		8E95197C1DDC47BA00432EC2 /* CalendarPopUp.app */ = {isa = PBXFileReference; explicitFileType = wrapper.application; includeInIndex = 0; path = CalendarPopUp.app; sourceTree = BUILT_PRODUCTS_DIR; };
		8E95197F1DDC47BA00432EC2 /* AppDelegate.swift */ = {isa = PBXFileReference; lastKnownFileType = sourcecode.swift; path = AppDelegate.swift; sourceTree = "<group>"; };
		8E9519811DDC47BA00432EC2 /* ViewController.swift */ = {isa = PBXFileReference; lastKnownFileType = sourcecode.swift; path = ViewController.swift; sourceTree = "<group>"; };
		8E9519841DDC47BA00432EC2 /* Base */ = {isa = PBXFileReference; lastKnownFileType = file.storyboard; name = Base; path = Base.lproj/Main.storyboard; sourceTree = "<group>"; };
		8E9519861DDC47BA00432EC2 /* Assets.xcassets */ = {isa = PBXFileReference; lastKnownFileType = folder.assetcatalog; path = Assets.xcassets; sourceTree = "<group>"; };
		8E9519891DDC47BA00432EC2 /* Base */ = {isa = PBXFileReference; lastKnownFileType = file.storyboard; name = Base; path = Base.lproj/LaunchScreen.storyboard; sourceTree = "<group>"; };
		8E95198B1DDC47BA00432EC2 /* Info.plist */ = {isa = PBXFileReference; lastKnownFileType = text.plist.xml; path = Info.plist; sourceTree = "<group>"; };
		8E9519921DDC744A00432EC2 /* PopupContainer.swift */ = {isa = PBXFileReference; fileEncoding = 4; lastKnownFileType = sourcecode.swift; path = PopupContainer.swift; sourceTree = "<group>"; };
		8E9519941DDC746100432EC2 /* CalendarPopUp.swift */ = {isa = PBXFileReference; fileEncoding = 4; lastKnownFileType = sourcecode.swift; path = CalendarPopUp.swift; sourceTree = "<group>"; };
		8E9519951DDC746100432EC2 /* CalendarPopUp.xib */ = {isa = PBXFileReference; fileEncoding = 4; lastKnownFileType = file.xib; path = CalendarPopUp.xib; sourceTree = "<group>"; };
		8E95199C1DDC78FB00432EC2 /* AnimationClass.swift */ = {isa = PBXFileReference; fileEncoding = 4; lastKnownFileType = sourcecode.swift; path = AnimationClass.swift; sourceTree = "<group>"; };
		8E95199E1DDC8B2900432EC2 /* CellView.xib */ = {isa = PBXFileReference; fileEncoding = 4; lastKnownFileType = file.xib; path = CellView.xib; sourceTree = "<group>"; };
		8E95199F1DDC8B2900432EC2 /* CellView.swift */ = {isa = PBXFileReference; fileEncoding = 4; lastKnownFileType = sourcecode.swift; path = CellView.swift; sourceTree = "<group>"; };
		EAB2E530E12DB72EDA578491 /* Pods-CalendarPopUp.debug.xcconfig */ = {isa = PBXFileReference; includeInIndex = 1; lastKnownFileType = text.xcconfig; name = "Pods-CalendarPopUp.debug.xcconfig"; path = "Pods/Target Support Files/Pods-CalendarPopUp/Pods-CalendarPopUp.debug.xcconfig"; sourceTree = "<group>"; };
/* End PBXFileReference section */

/* Begin PBXFrameworksBuildPhase section */
		8E9519791DDC47BA00432EC2 /* Frameworks */ = {
			isa = PBXFrameworksBuildPhase;
			buildActionMask = 2147483647;
			files = (
				C5E064A4512386C0FD579EDE /* Pods_CalendarPopUp.framework in Frameworks */,
			);
			runOnlyForDeploymentPostprocessing = 0;
		};
/* End PBXFrameworksBuildPhase section */

/* Begin PBXGroup section */
		79D77824ECEAA675E54FDC50 /* Frameworks */ = {
			isa = PBXGroup;
			children = (
				09ED5D86FFBE64261F32D8FC /* Pods_CalendarPopUp.framework */,
			);
			name = Frameworks;
			sourceTree = "<group>";
		};
		84217A14EDF01AFCB4D7A8C5 /* Pods */ = {
			isa = PBXGroup;
			children = (
				EAB2E530E12DB72EDA578491 /* Pods-CalendarPopUp.debug.xcconfig */,
				2454BEC858982D3547CB686A /* Pods-CalendarPopUp.release.xcconfig */,
			);
			name = Pods;
			sourceTree = "<group>";
		};
		8E9519731DDC47BA00432EC2 = {
			isa = PBXGroup;
			children = (
				8E95197E1DDC47BA00432EC2 /* CalendarPopUp */,
				8E95197D1DDC47BA00432EC2 /* Products */,
				84217A14EDF01AFCB4D7A8C5 /* Pods */,
				79D77824ECEAA675E54FDC50 /* Frameworks */,
			);
			sourceTree = "<group>";
		};
		8E95197D1DDC47BA00432EC2 /* Products */ = {
			isa = PBXGroup;
			children = (
				8E95197C1DDC47BA00432EC2 /* CalendarPopUp.app */,
			);
			name = Products;
			sourceTree = "<group>";
		};
		8E95197E1DDC47BA00432EC2 /* CalendarPopUp */ = {
			isa = PBXGroup;
			children = (
				8E9519921DDC744A00432EC2 /* PopupContainer.swift */,
				8E95197F1DDC47BA00432EC2 /* AppDelegate.swift */,
				8E9519811DDC47BA00432EC2 /* ViewController.swift */,
				8E9519831DDC47BA00432EC2 /* Main.storyboard */,
				8E9519941DDC746100432EC2 /* CalendarPopUp.swift */,
				8E9519951DDC746100432EC2 /* CalendarPopUp.xib */,
				8E95199E1DDC8B2900432EC2 /* CellView.xib */,
				8E95199F1DDC8B2900432EC2 /* CellView.swift */,
				8E95199C1DDC78FB00432EC2 /* AnimationClass.swift */,
				8E9519861DDC47BA00432EC2 /* Assets.xcassets */,
				8E9519881DDC47BA00432EC2 /* LaunchScreen.storyboard */,
				8E95198B1DDC47BA00432EC2 /* Info.plist */,
				8E609D7B1DDCD841005A52F3 /* Extensions.swift */,
			);
			path = CalendarPopUp;
			sourceTree = "<group>";
		};
/* End PBXGroup section */

/* Begin PBXNativeTarget section */
		8E95197B1DDC47BA00432EC2 /* CalendarPopUp */ = {
			isa = PBXNativeTarget;
			buildConfigurationList = 8E95198E1DDC47BA00432EC2 /* Build configuration list for PBXNativeTarget "CalendarPopUp" */;
			buildPhases = (
				5BAA3B9B71D82794AEC238D9 /* [CP] Check Pods Manifest.lock */,
				8E9519781DDC47BA00432EC2 /* Sources */,
				8E9519791DDC47BA00432EC2 /* Frameworks */,
				8E95197A1DDC47BA00432EC2 /* Resources */,
				9C306648FA7ED8BD73D098F3 /* [CP] Embed Pods Frameworks */,
				C2E2483907A4270EB1DE6A07 /* [CP] Copy Pods Resources */,
			);
			buildRules = (
			);
			dependencies = (
			);
			name = CalendarPopUp;
			productName = CalendarPopUp;
			productReference = 8E95197C1DDC47BA00432EC2 /* CalendarPopUp.app */;
			productType = "com.apple.product-type.application";
		};
/* End PBXNativeTarget section */

/* Begin PBXProject section */
		8E9519741DDC47BA00432EC2 /* Project object */ = {
			isa = PBXProject;
			attributes = {
				LastSwiftUpdateCheck = 0820;
				LastUpgradeCheck = 0820;
				ORGANIZATIONNAME = Veriloft;
				TargetAttributes = {
					8E95197B1DDC47BA00432EC2 = {
						CreatedOnToolsVersion = 8.2;
						DevelopmentTeam = 683U48NZTT;
						LastSwiftMigration = 0820;
						ProvisioningStyle = Automatic;
					};
				};
			};
			buildConfigurationList = 8E9519771DDC47BA00432EC2 /* Build configuration list for PBXProject "CalendarPopUp" */;
			compatibilityVersion = "Xcode 3.2";
			developmentRegion = English;
			hasScannedForEncodings = 0;
			knownRegions = (
				en,
				Base,
			);
			mainGroup = 8E9519731DDC47BA00432EC2;
			productRefGroup = 8E95197D1DDC47BA00432EC2 /* Products */;
			projectDirPath = "";
			projectRoot = "";
			targets = (
				8E95197B1DDC47BA00432EC2 /* CalendarPopUp */,
			);
		};
/* End PBXProject section */

/* Begin PBXResourcesBuildPhase section */
		8E95197A1DDC47BA00432EC2 /* Resources */ = {
			isa = PBXResourcesBuildPhase;
			buildActionMask = 2147483647;
			files = (
				8E9519A01DDC8B2900432EC2 /* CellView.xib in Resources */,
				8E9519971DDC746100432EC2 /* CalendarPopUp.xib in Resources */,
				8E95198A1DDC47BA00432EC2 /* LaunchScreen.storyboard in Resources */,
				8E9519871DDC47BA00432EC2 /* Assets.xcassets in Resources */,
				8E9519851DDC47BA00432EC2 /* Main.storyboard in Resources */,
			);
			runOnlyForDeploymentPostprocessing = 0;
		};
/* End PBXResourcesBuildPhase section */

/* Begin PBXShellScriptBuildPhase section */
		5BAA3B9B71D82794AEC238D9 /* [CP] Check Pods Manifest.lock */ = {
			isa = PBXShellScriptBuildPhase;
			buildActionMask = 2147483647;
			files = (
			);
			inputPaths = (
			);
			name = "[CP] Check Pods Manifest.lock";
			outputPaths = (
			);
			runOnlyForDeploymentPostprocessing = 0;
			shellPath = /bin/sh;
			shellScript = "diff \"${PODS_ROOT}/../Podfile.lock\" \"${PODS_ROOT}/Manifest.lock\" > /dev/null\nif [ $? != 0 ] ; then\n    # print error to STDERR\n    echo \"error: The sandbox is not in sync with the Podfile.lock. Run 'pod install' or update your CocoaPods installation.\" >&2\n    exit 1\nfi\n";
			showEnvVarsInLog = 0;
		};
		9C306648FA7ED8BD73D098F3 /* [CP] Embed Pods Frameworks */ = {
			isa = PBXShellScriptBuildPhase;
			buildActionMask = 2147483647;
			files = (
			);
			inputPaths = (
			);
			name = "[CP] Embed Pods Frameworks";
			outputPaths = (
			);
			runOnlyForDeploymentPostprocessing = 0;
			shellPath = /bin/sh;
			shellScript = "\"${SRCROOT}/Pods/Target Support Files/Pods-CalendarPopUp/Pods-CalendarPopUp-frameworks.sh\"\n";
			showEnvVarsInLog = 0;
		};
		C2E2483907A4270EB1DE6A07 /* [CP] Copy Pods Resources */ = {
			isa = PBXShellScriptBuildPhase;
			buildActionMask = 2147483647;
			files = (
			);
			inputPaths = (
			);
			name = "[CP] Copy Pods Resources";
			outputPaths = (
			);
			runOnlyForDeploymentPostprocessing = 0;
			shellPath = /bin/sh;
			shellScript = "\"${SRCROOT}/Pods/Target Support Files/Pods-CalendarPopUp/Pods-CalendarPopUp-resources.sh\"\n";
			showEnvVarsInLog = 0;
		};
/* End PBXShellScriptBuildPhase section */

/* Begin PBXSourcesBuildPhase section */
		8E9519781DDC47BA00432EC2 /* Sources */ = {
			isa = PBXSourcesBuildPhase;
			buildActionMask = 2147483647;
			files = (
				8E9519961DDC746100432EC2 /* CalendarPopUp.swift in Sources */,
				8E9519821DDC47BA00432EC2 /* ViewController.swift in Sources */,
				8E9519A11DDC8B2900432EC2 /* CellView.swift in Sources */,
				8E9519931DDC744A00432EC2 /* PopupContainer.swift in Sources */,
				8E9519801DDC47BA00432EC2 /* AppDelegate.swift in Sources */,
				8E95199D1DDC78FB00432EC2 /* AnimationClass.swift in Sources */,
				8E609D7C1DDCD841005A52F3 /* Extensions.swift in Sources */,
			);
			runOnlyForDeploymentPostprocessing = 0;
		};
/* End PBXSourcesBuildPhase section */

/* Begin PBXVariantGroup section */
		8E9519831DDC47BA00432EC2 /* Main.storyboard */ = {
			isa = PBXVariantGroup;
			children = (
				8E9519841DDC47BA00432EC2 /* Base */,
			);
			name = Main.storyboard;
			sourceTree = "<group>";
		};
		8E9519881DDC47BA00432EC2 /* LaunchScreen.storyboard */ = {
			isa = PBXVariantGroup;
			children = (
				8E9519891DDC47BA00432EC2 /* Base */,
			);
			name = LaunchScreen.storyboard;
			sourceTree = "<group>";
		};
/* End PBXVariantGroup section */

/* Begin XCBuildConfiguration section */
		8E95198C1DDC47BA00432EC2 /* Debug */ = {
			isa = XCBuildConfiguration;
			buildSettings = {
				ALWAYS_SEARCH_USER_PATHS = NO;
				CLANG_ANALYZER_NONNULL = YES;
				CLANG_CXX_LANGUAGE_STANDARD = "gnu++0x";
				CLANG_CXX_LIBRARY = "libc++";
				CLANG_ENABLE_MODULES = YES;
				CLANG_ENABLE_OBJC_ARC = YES;
				CLANG_WARN_BOOL_CONVERSION = YES;
				CLANG_WARN_CONSTANT_CONVERSION = YES;
				CLANG_WARN_DIRECT_OBJC_ISA_USAGE = YES_ERROR;
				CLANG_WARN_DOCUMENTATION_COMMENTS = YES;
				CLANG_WARN_EMPTY_BODY = YES;
				CLANG_WARN_ENUM_CONVERSION = YES;
				CLANG_WARN_INFINITE_RECURSION = YES;
				CLANG_WARN_INT_CONVERSION = YES;
				CLANG_WARN_OBJC_ROOT_CLASS = YES_ERROR;
				CLANG_WARN_SUSPICIOUS_MOVE = YES;
				CLANG_WARN_UNREACHABLE_CODE = YES;
				CLANG_WARN__DUPLICATE_METHOD_MATCH = YES;
				"CODE_SIGN_IDENTITY[sdk=iphoneos*]" = "iPhone Developer";
				COPY_PHASE_STRIP = NO;
				DEBUG_INFORMATION_FORMAT = dwarf;
				ENABLE_STRICT_OBJC_MSGSEND = YES;
				ENABLE_TESTABILITY = YES;
				GCC_C_LANGUAGE_STANDARD = gnu99;
				GCC_DYNAMIC_NO_PIC = NO;
				GCC_NO_COMMON_BLOCKS = YES;
				GCC_OPTIMIZATION_LEVEL = 0;
				GCC_PREPROCESSOR_DEFINITIONS = (
					"DEBUG=1",
					"$(inherited)",
				);
				GCC_WARN_64_TO_32_BIT_CONVERSION = YES;
				GCC_WARN_ABOUT_RETURN_TYPE = YES_ERROR;
				GCC_WARN_UNDECLARED_SELECTOR = YES;
				GCC_WARN_UNINITIALIZED_AUTOS = YES_AGGRESSIVE;
				GCC_WARN_UNUSED_FUNCTION = YES;
				GCC_WARN_UNUSED_VARIABLE = YES;
				IPHONEOS_DEPLOYMENT_TARGET = 10.2;
				MTL_ENABLE_DEBUG_INFO = YES;
				ONLY_ACTIVE_ARCH = YES;
				SDKROOT = iphoneos;
				SWIFT_ACTIVE_COMPILATION_CONDITIONS = DEBUG;
				SWIFT_OPTIMIZATION_LEVEL = "-Onone";
				TARGETED_DEVICE_FAMILY = "1,2";
			};
			name = Debug;
		};
		8E95198D1DDC47BA00432EC2 /* Release */ = {
			isa = XCBuildConfiguration;
			buildSettings = {
				ALWAYS_SEARCH_USER_PATHS = NO;
				CLANG_ANALYZER_NONNULL = YES;
				CLANG_CXX_LANGUAGE_STANDARD = "gnu++0x";
				CLANG_CXX_LIBRARY = "libc++";
				CLANG_ENABLE_MODULES = YES;
				CLANG_ENABLE_OBJC_ARC = YES;
				CLANG_WARN_BOOL_CONVERSION = YES;
				CLANG_WARN_CONSTANT_CONVERSION = YES;
				CLANG_WARN_DIRECT_OBJC_ISA_USAGE = YES_ERROR;
				CLANG_WARN_DOCUMENTATION_COMMENTS = YES;
				CLANG_WARN_EMPTY_BODY = YES;
				CLANG_WARN_ENUM_CONVERSION = YES;
				CLANG_WARN_INFINITE_RECURSION = YES;
				CLANG_WARN_INT_CONVERSION = YES;
				CLANG_WARN_OBJC_ROOT_CLASS = YES_ERROR;
				CLANG_WARN_SUSPICIOUS_MOVE = YES;
				CLANG_WARN_UNREACHABLE_CODE = YES;
				CLANG_WARN__DUPLICATE_METHOD_MATCH = YES;
				"CODE_SIGN_IDENTITY[sdk=iphoneos*]" = "iPhone Developer";
				COPY_PHASE_STRIP = NO;
				DEBUG_INFORMATION_FORMAT = "dwarf-with-dsym";
				ENABLE_NS_ASSERTIONS = NO;
				ENABLE_STRICT_OBJC_MSGSEND = YES;
				GCC_C_LANGUAGE_STANDARD = gnu99;
				GCC_NO_COMMON_BLOCKS = YES;
				GCC_WARN_64_TO_32_BIT_CONVERSION = YES;
				GCC_WARN_ABOUT_RETURN_TYPE = YES_ERROR;
				GCC_WARN_UNDECLARED_SELECTOR = YES;
				GCC_WARN_UNINITIALIZED_AUTOS = YES_AGGRESSIVE;
				GCC_WARN_UNUSED_FUNCTION = YES;
				GCC_WARN_UNUSED_VARIABLE = YES;
				IPHONEOS_DEPLOYMENT_TARGET = 10.2;
				MTL_ENABLE_DEBUG_INFO = NO;
				SDKROOT = iphoneos;
				SWIFT_OPTIMIZATION_LEVEL = "-Owholemodule";
				TARGETED_DEVICE_FAMILY = "1,2";
				VALIDATE_PRODUCT = YES;
			};
			name = Release;
		};
		8E95198F1DDC47BA00432EC2 /* Debug */ = {
			isa = XCBuildConfiguration;
			baseConfigurationReference = EAB2E530E12DB72EDA578491 /* Pods-CalendarPopUp.debug.xcconfig */;
			buildSettings = {
				ALWAYS_EMBED_SWIFT_STANDARD_LIBRARIES = YES;
				ASSETCATALOG_COMPILER_APPICON_NAME = AppIcon;
				DEVELOPMENT_TEAM = 683U48NZTT;
				INFOPLIST_FILE = CalendarPopUp/Info.plist;
				IPHONEOS_DEPLOYMENT_TARGET = 10.0;
				LD_RUNPATH_SEARCH_PATHS = "$(inherited) @executable_path/Frameworks";
				PRODUCT_BUNDLE_IDENTIFIER = com.veriloft.CalendarPopUp;
				PRODUCT_NAME = "$(TARGET_NAME)";
				SWIFT_VERSION = 3.0;
			};
			name = Debug;
		};
		8E9519901DDC47BA00432EC2 /* Release */ = {
			isa = XCBuildConfiguration;
			baseConfigurationReference = 2454BEC858982D3547CB686A /* Pods-CalendarPopUp.release.xcconfig */;
			buildSettings = {
				ALWAYS_EMBED_SWIFT_STANDARD_LIBRARIES = YES;
				ASSETCATALOG_COMPILER_APPICON_NAME = AppIcon;
				DEVELOPMENT_TEAM = 683U48NZTT;
				INFOPLIST_FILE = CalendarPopUp/Info.plist;
				IPHONEOS_DEPLOYMENT_TARGET = 10.0;
				LD_RUNPATH_SEARCH_PATHS = "$(inherited) @executable_path/Frameworks";
				PRODUCT_BUNDLE_IDENTIFIER = com.veriloft.CalendarPopUp;
				PRODUCT_NAME = "$(TARGET_NAME)";
				SWIFT_VERSION = 3.0;
			};
			name = Release;
		};
/* End XCBuildConfiguration section */

/* Begin XCConfigurationList section */
		8E9519771DDC47BA00432EC2 /* Build configuration list for PBXProject "CalendarPopUp" */ = {
			isa = XCConfigurationList;
			buildConfigurations = (
				8E95198C1DDC47BA00432EC2 /* Debug */,
				8E95198D1DDC47BA00432EC2 /* Release */,
			);
			defaultConfigurationIsVisible = 0;
			defaultConfigurationName = Release;
		};
		8E95198E1DDC47BA00432EC2 /* Build configuration list for PBXNativeTarget "CalendarPopUp" */ = {
			isa = XCConfigurationList;
			buildConfigurations = (
				8E95198F1DDC47BA00432EC2 /* Debug */,
				8E9519901DDC47BA00432EC2 /* Release */,
			);
			defaultConfigurationIsVisible = 0;
			defaultConfigurationName = Release;
		};
/* End XCConfigurationList section */
	};
	rootObject = 8E9519741DDC47BA00432EC2 /* Project object */;
}
